# THIS IS AN AUTOGENERATED FILE. DO NOT EDIT THIS FILE DIRECTLY.
# yarn lockfile v1


"@anz-bank/vscode-sysl-model@^0.1.0":
  version "0.1.0"
  resolved "https://registry.yarnpkg.com/@anz-bank/vscode-sysl-model/-/vscode-sysl-model-0.1.0.tgz#529884a6178a8522d386909770c7651872974197"
  integrity sha512-RNvVNvuUJHLtsUZTecan9o7QmL47Uy+hHa/hAvXH2QFvR9jIKJcZFTMH/P0d4Qmwn28UkQO9nf5PxEWjknBI5g==

typescript@^4.2.4:
  version "4.5.4"
  resolved "https://registry.yarnpkg.com/typescript/-/typescript-4.5.4.tgz#a17d3a0263bf5c8723b9c52f43c5084edf13c2e8"
  integrity sha512-VgYs2A2QIRuGphtzFV7aQJduJ2gyfTljngLzjpfW9FoYZF6xuw1W0vW9ghCKLfcWrCFxK81CSGRAvS1pn4fIUg==
